
Microsoft Visual Studio Solution File, Format Version 12.00
# Visual Studio Version 17
VisualStudioVersion = 17.3.32825.248
MinimumVisualStudioVersion = 10.0.40219.1
Project("{FAE04EC0-301F-11D3-BF4B-00C04F79EFBC}") = "WebApplication3", "WebApplication3.csproj", "{FF483E38-0ADF-4630-8CAA-B913E606C324}"
EndProject
Global
	GlobalSection(SolutionConfigurationPlatforms) = preSolution
		Debug|Any CPU = Debug|Any CPU
		Release|Any CPU = Release|Any CPU
	EndGlobalSection
	GlobalSection(ProjectConfigurationPlatforms) = postSolution
		{FF483E38-0ADF-4630-8CAA-B913E606C324}.Debug|Any CPU.ActiveCfg = Debug|Any CPU
		{FF483E38-0ADF-4630-8CAA-B913E606C324}.Debug|Any CPU.Build.0 = Debug|Any CPU
		{FF483E38-0ADF-4630-8CAA-B913E606C324}.Release|Any CPU.ActiveCfg = Release|Any CPU
		{FF483E38-0ADF-4630-8CAA-B913E606C324}.Release|Any CPU.Build.0 = Release|Any CPU
	EndGlobalSection
	GlobalSection(SolutionProperties) = preSolution
		HideSolutionNode = FALSE
	EndGlobalSection
	GlobalSection(ExtensibilityGlobals) = postSolution
		SolutionGuid = {AD3B53D1-0DDE-4AA2-9FF6-AA34C98302D3}
	EndGlobalSection
EndGlobal
