
Microsoft Visual Studio Solution File, Format Version 12.00
# Visual Studio Version 17
VisualStudioVersion = 17.3.32922.545
MinimumVisualStudioVersion = 10.0.40219.1
Project("{FAE04EC0-301F-11D3-BF4B-00C04F79EFBC}") = "Employee", "Employee.csproj", "{B2F528E1-E472-4F1B-83FE-5D55EBC53350}"
EndProject
Global
	GlobalSection(SolutionConfigurationPlatforms) = preSolution
		Debug|Any CPU = Debug|Any CPU
		Release|Any CPU = Release|Any CPU
	EndGlobalSection
	GlobalSection(ProjectConfigurationPlatforms) = postSolution
		{B2F528E1-E472-4F1B-83FE-5D55EBC53350}.Debug|Any CPU.ActiveCfg = Debug|Any CPU
		{B2F528E1-E472-4F1B-83FE-5D55EBC53350}.Debug|Any CPU.Build.0 = Debug|Any CPU
		{B2F528E1-E472-4F1B-83FE-5D55EBC53350}.Release|Any CPU.ActiveCfg = Release|Any CPU
		{B2F528E1-E472-4F1B-83FE-5D55EBC53350}.Release|Any CPU.Build.0 = Release|Any CPU
	EndGlobalSection
	GlobalSection(SolutionProperties) = preSolution
		HideSolutionNode = FALSE
	EndGlobalSection
	GlobalSection(ExtensibilityGlobals) = postSolution
		SolutionGuid = {30265C0F-7B85-4C61-8E6C-202F1F86B8D5}
	EndGlobalSection
EndGlobal
